
Microsoft Visual Studio Solution File, Format Version 12.00
# Visual Studio 15
VisualStudioVersion = 15.0.26730.12
MinimumVisualStudioVersion = 10.0.40219.1
Project("{F184B08F-C81C-45F6-A57F-5ABD9991F28F}") = "HalloVB", "HalloVB\HalloVB.vbproj", "{A7180467-D7C5-45A1-A131-2DCB8BA6C946}"
EndProject
Project("{F184B08F-C81C-45F6-A57F-5ABD9991F28F}") = "HalloForms", "HalloForms\HalloForms.vbproj", "{E6C39EB3-979A-4239-B283-06C7CBF01E3F}"
EndProject
Project("{F184B08F-C81C-45F6-A57F-5ABD9991F28F}") = "IntegerCalc", "IntegerCalc\IntegerCalc.vbproj", "{0F92BD4D-4141-478F-A51B-98197722E9B8}"
EndProject
Project("{F184B08F-C81C-45F6-A57F-5ABD9991F28F}") = "KontrollStrukturen", "KontrollStrukturen\KontrollStrukturen.vbproj", "{A572FC91-EBFB-4A2C-939F-4F65DEEF0C28}"
EndProject
Global
	GlobalSection(SolutionConfigurationPlatforms) = preSolution
		Debug|Any CPU = Debug|Any CPU
		Release|Any CPU = Release|Any CPU
	EndGlobalSection
	GlobalSection(ProjectConfigurationPlatforms) = postSolution
		{A7180467-D7C5-45A1-A131-2DCB8BA6C946}.Debug|Any CPU.ActiveCfg = Debug|Any CPU
		{A7180467-D7C5-45A1-A131-2DCB8BA6C946}.Debug|Any CPU.Build.0 = Debug|Any CPU
		{A7180467-D7C5-45A1-A131-2DCB8BA6C946}.Release|Any CPU.ActiveCfg = Release|Any CPU
		{A7180467-D7C5-45A1-A131-2DCB8BA6C946}.Release|Any CPU.Build.0 = Release|Any CPU
		{E6C39EB3-979A-4239-B283-06C7CBF01E3F}.Debug|Any CPU.ActiveCfg = Debug|Any CPU
		{E6C39EB3-979A-4239-B283-06C7CBF01E3F}.Debug|Any CPU.Build.0 = Debug|Any CPU
		{E6C39EB3-979A-4239-B283-06C7CBF01E3F}.Release|Any CPU.ActiveCfg = Release|Any CPU
		{E6C39EB3-979A-4239-B283-06C7CBF01E3F}.Release|Any CPU.Build.0 = Release|Any CPU
		{0F92BD4D-4141-478F-A51B-98197722E9B8}.Debug|Any CPU.ActiveCfg = Debug|Any CPU
		{0F92BD4D-4141-478F-A51B-98197722E9B8}.Debug|Any CPU.Build.0 = Debug|Any CPU
		{0F92BD4D-4141-478F-A51B-98197722E9B8}.Release|Any CPU.ActiveCfg = Release|Any CPU
		{0F92BD4D-4141-478F-A51B-98197722E9B8}.Release|Any CPU.Build.0 = Release|Any CPU
		{A572FC91-EBFB-4A2C-939F-4F65DEEF0C28}.Debug|Any CPU.ActiveCfg = Debug|Any CPU
		{A572FC91-EBFB-4A2C-939F-4F65DEEF0C28}.Debug|Any CPU.Build.0 = Debug|Any CPU
		{A572FC91-EBFB-4A2C-939F-4F65DEEF0C28}.Release|Any CPU.ActiveCfg = Release|Any CPU
		{A572FC91-EBFB-4A2C-939F-4F65DEEF0C28}.Release|Any CPU.Build.0 = Release|Any CPU
	EndGlobalSection
	GlobalSection(SolutionProperties) = preSolution
		HideSolutionNode = FALSE
	EndGlobalSection
	GlobalSection(ExtensibilityGlobals) = postSolution
		SolutionGuid = {368FD888-84BE-436F-95D9-B031A8D4A12F}
	EndGlobalSection
EndGlobal
