
Microsoft Visual Studio Solution File, Format Version 12.00
# Visual Studio 15
VisualStudioVersion = 15.0.26730.12
MinimumVisualStudioVersion = 10.0.40219.1
Project("{F184B08F-C81C-45F6-A57F-5ABD9991F28F}") = "HalloVB", "HalloVB\HalloVB.vbproj", "{A7180467-D7C5-45A1-A131-2DCB8BA6C946}"
EndProject
Project("{F184B08F-C81C-45F6-A57F-5ABD9991F28F}") = "HalloForms", "HalloForms\HalloForms.vbproj", "{E6C39EB3-979A-4239-B283-06C7CBF01E3F}"
EndProject
Project("{F184B08F-C81C-45F6-A57F-5ABD9991F28F}") = "IntegerCalc", "IntegerCalc\IntegerCalc.vbproj", "{0F92BD4D-4141-478F-A51B-98197722E9B8}"
EndProject
Project("{F184B08F-C81C-45F6-A57F-5ABD9991F28F}") = "KontrollStrukturen", "KontrollStrukturen\KontrollStrukturen.vbproj", "{A572FC91-EBFB-4A2C-939F-4F65DEEF0C28}"
EndProject
Project("{F184B08F-C81C-45F6-A57F-5ABD9991F28F}") = "TestResultat", "TestResultat\TestResultat.vbproj", "{6CC8BE4D-6ED2-4382-86CE-45ACC690A8B1}"
EndProject
Project("{F184B08F-C81C-45F6-A57F-5ABD9991F28F}") = "Passwortabfrage", "Passwortabfrage\Passwortabfrage.vbproj", "{2CE9F823-9A1C-4290-B05D-AD0C03B609FB}"
EndProject
Project("{F184B08F-C81C-45F6-A57F-5ABD9991F28F}") = "Fortschrittsanzeige", "Fortschrittsanzeige\Fortschrittsanzeige.vbproj", "{E27A777F-A2BF-4A8E-832F-01AB196835AC}"
EndProject
Project("{F184B08F-C81C-45F6-A57F-5ABD9991F28F}") = "Methoden", "Methoden\Methoden.vbproj", "{11B0708D-C472-432C-B546-255905D31868}"
EndProject
Project("{F184B08F-C81C-45F6-A57F-5ABD9991F28F}") = "Klassen", "Klassen\Klassen.vbproj", "{BE318D68-044F-4FF4-86EB-3C01210B0FF0}"
EndProject
Project("{F184B08F-C81C-45F6-A57F-5ABD9991F28F}") = "Kontoführung", "Kontoführung\Kontoführung.vbproj", "{30BA0475-4A90-492B-BE18-F9D2C4137ED2}"
EndProject
Project("{F184B08F-C81C-45F6-A57F-5ABD9991F28F}") = "Vererbung", "Vererbung\Vererbung.vbproj", "{1F2957A0-DFDC-48A4-A5EE-1BC8A9E4D0E2}"
EndProject
Project("{F184B08F-C81C-45F6-A57F-5ABD9991F28F}") = "WertUndReferenztypen", "WertUndReferenztypen\WertUndReferenztypen.vbproj", "{52C292F1-5EBF-49F3-A78E-9A81831E058D}"
EndProject
Project("{F184B08F-C81C-45F6-A57F-5ABD9991F28F}") = "AbstrakteKlassen", "AbstrakteKlassen\AbstrakteKlassen.vbproj", "{1B6F43D3-6BD9-4087-8F88-C4235DFCD75B}"
EndProject
Project("{F184B08F-C81C-45F6-A57F-5ABD9991F28F}") = "VerbergenUndÜberschreiben", "VerbergenUndÜberschreiben\VerbergenUndÜberschreiben.vbproj", "{69507CA4-6D78-45F0-B910-4C773847D288}"
EndProject
Project("{F184B08F-C81C-45F6-A57F-5ABD9991F28F}") = "Interfaces", "Interfaces\Interfaces.vbproj", "{D45383D8-CE8A-4866-A8F7-362FDD264ED2}"
EndProject
Project("{F184B08F-C81C-45F6-A57F-5ABD9991F28F}") = "Media", "Media\Media.vbproj", "{A1F0E5E0-5F1F-4960-AA65-51421FCF74E6}"
EndProject
Global
	GlobalSection(SolutionConfigurationPlatforms) = preSolution
		Debug|Any CPU = Debug|Any CPU
		Release|Any CPU = Release|Any CPU
	EndGlobalSection
	GlobalSection(ProjectConfigurationPlatforms) = postSolution
		{A7180467-D7C5-45A1-A131-2DCB8BA6C946}.Debug|Any CPU.ActiveCfg = Debug|Any CPU
		{A7180467-D7C5-45A1-A131-2DCB8BA6C946}.Debug|Any CPU.Build.0 = Debug|Any CPU
		{A7180467-D7C5-45A1-A131-2DCB8BA6C946}.Release|Any CPU.ActiveCfg = Release|Any CPU
		{A7180467-D7C5-45A1-A131-2DCB8BA6C946}.Release|Any CPU.Build.0 = Release|Any CPU
		{E6C39EB3-979A-4239-B283-06C7CBF01E3F}.Debug|Any CPU.ActiveCfg = Debug|Any CPU
		{E6C39EB3-979A-4239-B283-06C7CBF01E3F}.Debug|Any CPU.Build.0 = Debug|Any CPU
		{E6C39EB3-979A-4239-B283-06C7CBF01E3F}.Release|Any CPU.ActiveCfg = Release|Any CPU
		{E6C39EB3-979A-4239-B283-06C7CBF01E3F}.Release|Any CPU.Build.0 = Release|Any CPU
		{0F92BD4D-4141-478F-A51B-98197722E9B8}.Debug|Any CPU.ActiveCfg = Debug|Any CPU
		{0F92BD4D-4141-478F-A51B-98197722E9B8}.Debug|Any CPU.Build.0 = Debug|Any CPU
		{0F92BD4D-4141-478F-A51B-98197722E9B8}.Release|Any CPU.ActiveCfg = Release|Any CPU
		{0F92BD4D-4141-478F-A51B-98197722E9B8}.Release|Any CPU.Build.0 = Release|Any CPU
		{A572FC91-EBFB-4A2C-939F-4F65DEEF0C28}.Debug|Any CPU.ActiveCfg = Debug|Any CPU
		{A572FC91-EBFB-4A2C-939F-4F65DEEF0C28}.Debug|Any CPU.Build.0 = Debug|Any CPU
		{A572FC91-EBFB-4A2C-939F-4F65DEEF0C28}.Release|Any CPU.ActiveCfg = Release|Any CPU
		{A572FC91-EBFB-4A2C-939F-4F65DEEF0C28}.Release|Any CPU.Build.0 = Release|Any CPU
		{6CC8BE4D-6ED2-4382-86CE-45ACC690A8B1}.Debug|Any CPU.ActiveCfg = Debug|Any CPU
		{6CC8BE4D-6ED2-4382-86CE-45ACC690A8B1}.Debug|Any CPU.Build.0 = Debug|Any CPU
		{6CC8BE4D-6ED2-4382-86CE-45ACC690A8B1}.Release|Any CPU.ActiveCfg = Release|Any CPU
		{6CC8BE4D-6ED2-4382-86CE-45ACC690A8B1}.Release|Any CPU.Build.0 = Release|Any CPU
		{2CE9F823-9A1C-4290-B05D-AD0C03B609FB}.Debug|Any CPU.ActiveCfg = Debug|Any CPU
		{2CE9F823-9A1C-4290-B05D-AD0C03B609FB}.Debug|Any CPU.Build.0 = Debug|Any CPU
		{2CE9F823-9A1C-4290-B05D-AD0C03B609FB}.Release|Any CPU.ActiveCfg = Release|Any CPU
		{2CE9F823-9A1C-4290-B05D-AD0C03B609FB}.Release|Any CPU.Build.0 = Release|Any CPU
		{E27A777F-A2BF-4A8E-832F-01AB196835AC}.Debug|Any CPU.ActiveCfg = Debug|Any CPU
		{E27A777F-A2BF-4A8E-832F-01AB196835AC}.Debug|Any CPU.Build.0 = Debug|Any CPU
		{E27A777F-A2BF-4A8E-832F-01AB196835AC}.Release|Any CPU.ActiveCfg = Release|Any CPU
		{E27A777F-A2BF-4A8E-832F-01AB196835AC}.Release|Any CPU.Build.0 = Release|Any CPU
		{11B0708D-C472-432C-B546-255905D31868}.Debug|Any CPU.ActiveCfg = Debug|Any CPU
		{11B0708D-C472-432C-B546-255905D31868}.Debug|Any CPU.Build.0 = Debug|Any CPU
		{11B0708D-C472-432C-B546-255905D31868}.Release|Any CPU.ActiveCfg = Release|Any CPU
		{11B0708D-C472-432C-B546-255905D31868}.Release|Any CPU.Build.0 = Release|Any CPU
		{BE318D68-044F-4FF4-86EB-3C01210B0FF0}.Debug|Any CPU.ActiveCfg = Debug|Any CPU
		{BE318D68-044F-4FF4-86EB-3C01210B0FF0}.Debug|Any CPU.Build.0 = Debug|Any CPU
		{BE318D68-044F-4FF4-86EB-3C01210B0FF0}.Release|Any CPU.ActiveCfg = Release|Any CPU
		{BE318D68-044F-4FF4-86EB-3C01210B0FF0}.Release|Any CPU.Build.0 = Release|Any CPU
		{30BA0475-4A90-492B-BE18-F9D2C4137ED2}.Debug|Any CPU.ActiveCfg = Debug|Any CPU
		{30BA0475-4A90-492B-BE18-F9D2C4137ED2}.Debug|Any CPU.Build.0 = Debug|Any CPU
		{30BA0475-4A90-492B-BE18-F9D2C4137ED2}.Release|Any CPU.ActiveCfg = Release|Any CPU
		{30BA0475-4A90-492B-BE18-F9D2C4137ED2}.Release|Any CPU.Build.0 = Release|Any CPU
		{1F2957A0-DFDC-48A4-A5EE-1BC8A9E4D0E2}.Debug|Any CPU.ActiveCfg = Debug|Any CPU
		{1F2957A0-DFDC-48A4-A5EE-1BC8A9E4D0E2}.Debug|Any CPU.Build.0 = Debug|Any CPU
		{1F2957A0-DFDC-48A4-A5EE-1BC8A9E4D0E2}.Release|Any CPU.ActiveCfg = Release|Any CPU
		{1F2957A0-DFDC-48A4-A5EE-1BC8A9E4D0E2}.Release|Any CPU.Build.0 = Release|Any CPU
		{52C292F1-5EBF-49F3-A78E-9A81831E058D}.Debug|Any CPU.ActiveCfg = Debug|Any CPU
		{52C292F1-5EBF-49F3-A78E-9A81831E058D}.Debug|Any CPU.Build.0 = Debug|Any CPU
		{52C292F1-5EBF-49F3-A78E-9A81831E058D}.Release|Any CPU.ActiveCfg = Release|Any CPU
		{52C292F1-5EBF-49F3-A78E-9A81831E058D}.Release|Any CPU.Build.0 = Release|Any CPU
		{1B6F43D3-6BD9-4087-8F88-C4235DFCD75B}.Debug|Any CPU.ActiveCfg = Debug|Any CPU
		{1B6F43D3-6BD9-4087-8F88-C4235DFCD75B}.Debug|Any CPU.Build.0 = Debug|Any CPU
		{1B6F43D3-6BD9-4087-8F88-C4235DFCD75B}.Release|Any CPU.ActiveCfg = Release|Any CPU
		{1B6F43D3-6BD9-4087-8F88-C4235DFCD75B}.Release|Any CPU.Build.0 = Release|Any CPU
		{69507CA4-6D78-45F0-B910-4C773847D288}.Debug|Any CPU.ActiveCfg = Debug|Any CPU
		{69507CA4-6D78-45F0-B910-4C773847D288}.Debug|Any CPU.Build.0 = Debug|Any CPU
		{69507CA4-6D78-45F0-B910-4C773847D288}.Release|Any CPU.ActiveCfg = Release|Any CPU
		{69507CA4-6D78-45F0-B910-4C773847D288}.Release|Any CPU.Build.0 = Release|Any CPU
		{D45383D8-CE8A-4866-A8F7-362FDD264ED2}.Debug|Any CPU.ActiveCfg = Debug|Any CPU
		{D45383D8-CE8A-4866-A8F7-362FDD264ED2}.Debug|Any CPU.Build.0 = Debug|Any CPU
		{D45383D8-CE8A-4866-A8F7-362FDD264ED2}.Release|Any CPU.ActiveCfg = Release|Any CPU
		{D45383D8-CE8A-4866-A8F7-362FDD264ED2}.Release|Any CPU.Build.0 = Release|Any CPU
		{A1F0E5E0-5F1F-4960-AA65-51421FCF74E6}.Debug|Any CPU.ActiveCfg = Debug|Any CPU
		{A1F0E5E0-5F1F-4960-AA65-51421FCF74E6}.Debug|Any CPU.Build.0 = Debug|Any CPU
		{A1F0E5E0-5F1F-4960-AA65-51421FCF74E6}.Release|Any CPU.ActiveCfg = Release|Any CPU
		{A1F0E5E0-5F1F-4960-AA65-51421FCF74E6}.Release|Any CPU.Build.0 = Release|Any CPU
	EndGlobalSection
	GlobalSection(SolutionProperties) = preSolution
		HideSolutionNode = FALSE
	EndGlobalSection
	GlobalSection(ExtensibilityGlobals) = postSolution
		SolutionGuid = {368FD888-84BE-436F-95D9-B031A8D4A12F}
	EndGlobalSection
EndGlobal
